
Microsoft Visual Studio Solution File, Format Version 12.00
# Visual Studio Version 17
VisualStudioVersion = 17.13.35919.96
MinimumVisualStudioVersion = 10.0.40219.1
Project("{FAE04EC0-301F-11D3-BF4B-00C04F79EFBC}") = "AMO Launcher", "AMO Launcher\AMO Launcher.csproj", "{1A013C89-43FB-4A48-BECA-FFC91D26B2E4}"
EndProject
Project("{FAE04EC0-301F-11D3-BF4B-00C04F79EFBC}") = "AMO_Updater", "AMO_Updater\AMO_Updater.csproj", "{001E0583-5CD7-4595-9A86-9843E1003A79}"
EndProject
Global
	GlobalSection(SolutionConfigurationPlatforms) = preSolution
		Debug|Any CPU = Debug|Any CPU
		Release|Any CPU = Release|Any CPU
	EndGlobalSection
	GlobalSection(ProjectConfigurationPlatforms) = postSolution
		{1A013C89-43FB-4A48-BECA-FFC91D26B2E4}.Debug|Any CPU.ActiveCfg = Release|Any CPU
		{1A013C89-43FB-4A48-BECA-FFC91D26B2E4}.Debug|Any CPU.Build.0 = Release|Any CPU
		{1A013C89-43FB-4A48-BECA-FFC91D26B2E4}.Release|Any CPU.ActiveCfg = Release|Any CPU
		{1A013C89-43FB-4A48-BECA-FFC91D26B2E4}.Release|Any CPU.Build.0 = Release|Any CPU
		{001E0583-5CD7-4595-9A86-9843E1003A79}.Debug|Any CPU.ActiveCfg = Release|Any CPU
		{001E0583-5CD7-4595-9A86-9843E1003A79}.Debug|Any CPU.Build.0 = Release|Any CPU
		{001E0583-5CD7-4595-9A86-9843E1003A79}.Release|Any CPU.ActiveCfg = Release|Any CPU
		{001E0583-5CD7-4595-9A86-9843E1003A79}.Release|Any CPU.Build.0 = Release|Any CPU
	EndGlobalSection
	GlobalSection(SolutionProperties) = preSolution
		HideSolutionNode = FALSE
	EndGlobalSection
	GlobalSection(ExtensibilityGlobals) = postSolution
		SolutionGuid = {2DFD24DA-A851-4EF9-B2D9-53F5A013C0CF}
	EndGlobalSection
EndGlobal
